
Microsoft Visual Studio Solution File, Format Version 12.00
# Visual Studio Version 16
VisualStudioVersion = 16.0.31829.152
MinimumVisualStudioVersion = 10.0.40219.1
Project("{9A19103F-16F7-4668-BE54-9A1E7A4F7556}") = "EasySave_1_0", "EasySave 1.0\EasySave_1_0.csproj", "{DBB235BC-F13E-4B05-980E-33B975D47F2B}"
EndProject
Global
	GlobalSection(SolutionConfigurationPlatforms) = preSolution
		Debug|Any CPU = Debug|Any CPU
		Release|Any CPU = Release|Any CPU
	EndGlobalSection
	GlobalSection(ProjectConfigurationPlatforms) = postSolution
		{DBB235BC-F13E-4B05-980E-33B975D47F2B}.Debug|Any CPU.ActiveCfg = Debug|Any CPU
		{DBB235BC-F13E-4B05-980E-33B975D47F2B}.Debug|Any CPU.Build.0 = Debug|Any CPU
		{DBB235BC-F13E-4B05-980E-33B975D47F2B}.Release|Any CPU.ActiveCfg = Release|Any CPU
		{DBB235BC-F13E-4B05-980E-33B975D47F2B}.Release|Any CPU.Build.0 = Release|Any CPU
	EndGlobalSection
	GlobalSection(SolutionProperties) = preSolution
		HideSolutionNode = FALSE
	EndGlobalSection
	GlobalSection(ExtensibilityGlobals) = postSolution
		SolutionGuid = {0D5C3765-754D-4C63-9007-0E80F42BC43A}
	EndGlobalSection
EndGlobal
